
Microsoft Visual Studio Solution File, Format Version 12.00
# Visual Studio Version 17
VisualStudioVersion = 17.5.33424.131
MinimumVisualStudioVersion = 10.0.40219.1
Project("{FAE04EC0-301F-11D3-BF4B-00C04F79EFBC}") = "ProductInventoryManagementSystem", "ProductInventoryManagementSystem.csproj", "{3C1939A5-F870-4FFC-B313-CC091E30D1AC}"
EndProject
Global
	GlobalSection(SolutionConfigurationPlatforms) = preSolution
		Debug|Any CPU = Debug|Any CPU
		Release|Any CPU = Release|Any CPU
	EndGlobalSection
	GlobalSection(ProjectConfigurationPlatforms) = postSolution
		{3C1939A5-F870-4FFC-B313-CC091E30D1AC}.Debug|Any CPU.ActiveCfg = Debug|Any CPU
		{3C1939A5-F870-4FFC-B313-CC091E30D1AC}.Debug|Any CPU.Build.0 = Debug|Any CPU
		{3C1939A5-F870-4FFC-B313-CC091E30D1AC}.Release|Any CPU.ActiveCfg = Release|Any CPU
		{3C1939A5-F870-4FFC-B313-CC091E30D1AC}.Release|Any CPU.Build.0 = Release|Any CPU
	EndGlobalSection
	GlobalSection(SolutionProperties) = preSolution
		HideSolutionNode = FALSE
	EndGlobalSection
	GlobalSection(ExtensibilityGlobals) = postSolution
		SolutionGuid = {87C2CD43-9EC7-40F9-83C2-E6E90603FA9C}
	EndGlobalSection
EndGlobal
